
Microsoft Visual Studio Solution File, Format Version 12.00
# Visual Studio Version 17
VisualStudioVersion = 17.8.34525.116
MinimumVisualStudioVersion = 10.0.40219.1
Project("{9A19103F-16F7-4668-BE54-9A1E7A4F7556}") = "upload", "upload\upload.csproj", "{2A42E9E0-BB7F-42F0-8FC9-333AB0AC664D}"
EndProject
Global
	GlobalSection(SolutionConfigurationPlatforms) = preSolution
		Debug|Any CPU = Debug|Any CPU
		Release|Any CPU = Release|Any CPU
	EndGlobalSection
	GlobalSection(ProjectConfigurationPlatforms) = postSolution
		{2A42E9E0-BB7F-42F0-8FC9-333AB0AC664D}.Debug|Any CPU.ActiveCfg = Debug|Any CPU
		{2A42E9E0-BB7F-42F0-8FC9-333AB0AC664D}.Debug|Any CPU.Build.0 = Debug|Any CPU
		{2A42E9E0-BB7F-42F0-8FC9-333AB0AC664D}.Release|Any CPU.ActiveCfg = Release|Any CPU
		{2A42E9E0-BB7F-42F0-8FC9-333AB0AC664D}.Release|Any CPU.Build.0 = Release|Any CPU
	EndGlobalSection
	GlobalSection(SolutionProperties) = preSolution
		HideSolutionNode = FALSE
	EndGlobalSection
	GlobalSection(ExtensibilityGlobals) = postSolution
		SolutionGuid = {3A9483EC-7D2A-4F16-914A-D4E535480BAE}
	EndGlobalSection
EndGlobal
